// !$*UTF8*$!
{
	archiveVersion = 1;
	classes = {
	};
	objectVersion = 46;
	objects = {

/* Begin PBXBuildFile section */
		3F222BD11ECB4E060011E328 /* AppDelegate.swift in Sources */ = {isa = PBXBuildFile; fileRef = 3F222BD01ECB4E060011E328 /* AppDelegate.swift */; };
		3F222BD31ECB4E060011E328 /* ViewController.swift in Sources */ = {isa = PBXBuildFile; fileRef = 3F222BD21ECB4E060011E328 /* ViewController.swift */; };
		3F222BD61ECB4E060011E328 /* Main.storyboard in Resources */ = {isa = PBXBuildFile; fileRef = 3F222BD41ECB4E060011E328 /* Main.storyboard */; };
		3F222BD81ECB4E060011E328 /* Assets.xcassets in Resources */ = {isa = PBXBuildFile; fileRef = 3F222BD71ECB4E060011E328 /* Assets.xcassets */; };
		3F222BDB1ECB4E060011E328 /* LaunchScreen.storyboard in Resources */ = {isa = PBXBuildFile; fileRef = 3F222BD91ECB4E060011E328 /* LaunchScreen.storyboard */; };
/* End PBXBuildFile section */

/* Begin PBXFileReference section */
		3F222BCD1ECB4E060011E328 /* Final product.app */ = {isa = PBXFileReference; explicitFileType = wrapper.application; includeInIndex = 0; path = "Final product.app"; sourceTree = BUILT_PRODUCTS_DIR; };
		3F222BD01ECB4E060011E328 /* AppDelegate.swift */ = {isa = PBXFileReference; lastKnownFileType = sourcecode.swift; path = AppDelegate.swift; sourceTree = "<group>"; };
		3F222BD21ECB4E060011E328 /* ViewController.swift */ = {isa = PBXFileReference; lastKnownFileType = sourcecode.swift; path = ViewController.swift; sourceTree = "<group>"; };
		3F222BD51ECB4E060011E328 /* Base */ = {isa = PBXFileReference; lastKnownFileType = file.storyboard; name = Base; path = Base.lproj/Main.storyboard; sourceTree = "<group>"; };
		3F222BD71ECB4E060011E328 /* Assets.xcassets */ = {isa = PBXFileReference; lastKnownFileType = folder.assetcatalog; path = Assets.xcassets; sourceTree = "<group>"; };
		3F222BDA1ECB4E060011E328 /* Base */ = {isa = PBXFileReference; lastKnownFileType = file.storyboard; name = Base; path = Base.lproj/LaunchScreen.storyboard; sourceTree = "<group>"; };
		3F222BDC1ECB4E060011E328 /* Info.plist */ = {isa = PBXFileReference; lastKnownFileType = text.plist.xml; path = Info.plist; sourceTree = "<group>"; };
/* End PBXFileReference section */

/* Begin PBXFrameworksBuildPhase section */
		3F222BCA1ECB4E060011E328 /* Frameworks */ = {
			isa = PBXFrameworksBuildPhase;
			buildActionMask = 2147483647;
			files = (
			);
			runOnlyForDeploymentPostprocessing = 0;
		};
/* End PBXFrameworksBuildPhase section */

/* Begin PBXGroup section */
		3F222BC41ECB4E060011E328 = {
			isa = PBXGroup;
			children = (
				3F222BCF1ECB4E060011E328 /* Final product */,
				3F222BCE1ECB4E060011E328 /* Products */,
			);
			sourceTree = "<group>";
		};
		3F222BCE1ECB4E060011E328 /* Products */ = {
			isa = PBXGroup;
			children = (
				3F222BCD1ECB4E060011E328 /* Final product.app */,
			);
			name = Products;
			sourceTree = "<group>";
		};
		3F222BCF1ECB4E060011E328 /* Final product */ = {
			isa = PBXGroup;
			children = (
				3F222BD01ECB4E060011E328 /* AppDelegate.swift */,
				3F222BD21ECB4E060011E328 /* ViewController.swift */,
				3F222BD41ECB4E060011E328 /* Main.storyboard */,
				3F222BD71ECB4E060011E328 /* Assets.xcassets */,
				3F222BD91ECB4E060011E328 /* LaunchScreen.storyboard */,
				3F222BDC1ECB4E060011E328 /* Info.plist */,
			);
			path = "Final product";
			sourceTree = "<group>";
		};
/* End PBXGroup section */

/* Begin PBXNativeTarget section */
		3F222BCC1ECB4E060011E328 /* Final product */ = {
			isa = PBXNativeTarget;
			buildConfigurationList = 3F222BDF1ECB4E060011E328 /* Build configuration list for PBXNativeTarget "Final product" */;
			buildPhases = (
				3F222BC91ECB4E060011E328 /* Sources */,
				3F222BCA1ECB4E060011E328 /* Frameworks */,
				3F222BCB1ECB4E060011E328 /* Resources */,
			);
			buildRules = (
			);
			dependencies = (
			);
			name = "Final product";
			productName = "Final product";
			productReference = 3F222BCD1ECB4E060011E328 /* Final product.app */;
			productType = "com.apple.product-type.application";
		};
/* End PBXNativeTarget section */

/* Begin PBXProject section */
		3F222BC51ECB4E060011E328 /* Project object */ = {
			isa = PBXProject;
			attributes = {
				LastSwiftUpdateCheck = 0830;
				LastUpgradeCheck = 0830;
				ORGANIZATIONNAME = "David T";
				TargetAttributes = {
					3F222BCC1ECB4E060011E328 = {
						CreatedOnToolsVersion = 8.3.2;
						ProvisioningStyle = Automatic;
					};
				};
			};
			buildConfigurationList = 3F222BC81ECB4E060011E328 /* Build configuration list for PBXProject "Final product" */;
			compatibilityVersion = "Xcode 3.2";
			developmentRegion = English;
			hasScannedForEncodings = 0;
			knownRegions = (
				en,
				Base,
			);
			mainGroup = 3F222BC41ECB4E060011E328;
			productRefGroup = 3F222BCE1ECB4E060011E328 /* Products */;
			projectDirPath = "";
			projectRoot = "";
			targets = (
				3F222BCC1ECB4E060011E328 /* Final product */,
			);
		};
/* End PBXProject section */

/* Begin PBXResourcesBuildPhase section */
		3F222BCB1ECB4E060011E328 /* Resources */ = {
			isa = PBXResourcesBuildPhase;
			buildActionMask = 2147483647;
			files = (
				3F222BDB1ECB4E060011E328 /* LaunchScreen.storyboard in Resources */,
				3F222BD81ECB4E060011E328 /* Assets.xcassets in Resources */,
				3F222BD61ECB4E060011E328 /* Main.storyboard in Resources */,
			);
			runOnlyForDeploymentPostprocessing = 0;
		};
/* End PBXResourcesBuildPhase section */

/* Begin PBXSourcesBuildPhase section */
		3F222BC91ECB4E060011E328 /* Sources */ = {
			isa = PBXSourcesBuildPhase;
			buildActionMask = 2147483647;
			files = (
				3F222BD31ECB4E060011E328 /* ViewController.swift in Sources */,
				3F222BD11ECB4E060011E328 /* AppDelegate.swift in Sources */,
			);
			runOnlyForDeploymentPostprocessing = 0;
		};
/* End PBXSourcesBuildPhase section */

/* Begin PBXVariantGroup section */
		3F222BD41ECB4E060011E328 /* Main.storyboard */ = {
			isa = PBXVariantGroup;
			children = (
				3F222BD51ECB4E060011E328 /* Base */,
			);
			name = Main.storyboard;
			sourceTree = "<group>";
		};
		3F222BD91ECB4E060011E328 /* LaunchScreen.storyboard */ = {
			isa = PBXVariantGroup;
			children = (
				3F222BDA1ECB4E060011E328 /* Base */,
			);
			name = LaunchScreen.storyboard;
			sourceTree = "<group>";
		};
/* End PBXVariantGroup section */

/* Begin XCBuildConfiguration section */
		3F222BDD1ECB4E060011E328 /* Debug */ = {
			isa = XCBuildConfiguration;
			buildSettings = {
				ALWAYS_SEARCH_USER_PATHS = NO;
				CLANG_ANALYZER_NONNULL = YES;
				CLANG_ANALYZER_NUMBER_OBJECT_CONVERSION = YES_AGGRESSIVE;
				CLANG_CXX_LANGUAGE_STANDARD = "gnu++0x";
				CLANG_CXX_LIBRARY = "libc++";
				CLANG_ENABLE_MODULES = YES;
				CLANG_ENABLE_OBJC_ARC = YES;
				CLANG_WARN_BOOL_CONVERSION = YES;
				CLANG_WARN_CONSTANT_CONVERSION = YES;
				CLANG_WARN_DIRECT_OBJC_ISA_USAGE = YES_ERROR;
				CLANG_WARN_DOCUMENTATION_COMMENTS = YES;
				CLANG_WARN_EMPTY_BODY = YES;
				CLANG_WARN_ENUM_CONVERSION = YES;
				CLANG_WARN_INFINITE_RECURSION = YES;
				CLANG_WARN_INT_CONVERSION = YES;
				CLANG_WARN_OBJC_ROOT_CLASS = YES_ERROR;
				CLANG_WARN_SUSPICIOUS_MOVE = YES;
				CLANG_WARN_UNREACHABLE_CODE = YES;
				CLANG_WARN__DUPLICATE_METHOD_MATCH = YES;
				"CODE_SIGN_IDENTITY[sdk=iphoneos*]" = "iPhone Developer";
				COPY_PHASE_STRIP = NO;
				DEBUG_INFORMATION_FORMAT = dwarf;
				ENABLE_STRICT_OBJC_MSGSEND = YES;
				ENABLE_TESTABILITY = YES;
				GCC_C_LANGUAGE_STANDARD = gnu99;
				GCC_DYNAMIC_NO_PIC = NO;
				GCC_NO_COMMON_BLOCKS = YES;
				GCC_OPTIMIZATION_LEVEL = 0;
				GCC_PREPROCESSOR_DEFINITIONS = (
					"DEBUG=1",
					"$(inherited)",
				);
				GCC_WARN_64_TO_32_BIT_CONVERSION = YES;
				GCC_WARN_ABOUT_RETURN_TYPE = YES_ERROR;
				GCC_WARN_UNDECLARED_SELECTOR = YES;
				GCC_WARN_UNINITIALIZED_AUTOS = YES_AGGRESSIVE;
				GCC_WARN_UNUSED_FUNCTION = YES;
				GCC_WARN_UNUSED_VARIABLE = YES;
				IPHONEOS_DEPLOYMENT_TARGET = 10.3;
				MTL_ENABLE_DEBUG_INFO = YES;
				ONLY_ACTIVE_ARCH = YES;
				SDKROOT = iphoneos;
				SWIFT_ACTIVE_COMPILATION_CONDITIONS = DEBUG;
				SWIFT_OPTIMIZATION_LEVEL = "-Onone";
				TARGETED_DEVICE_FAMILY = "1,2";
			};
			name = Debug;
		};
		3F222BDE1ECB4E060011E328 /* Release */ = {
			isa = XCBuildConfiguration;
			buildSettings = {
				ALWAYS_SEARCH_USER_PATHS = NO;
				CLANG_ANALYZER_NONNULL = YES;
				CLANG_ANALYZER_NUMBER_OBJECT_CONVERSION = YES_AGGRESSIVE;
				CLANG_CXX_LANGUAGE_STANDARD = "gnu++0x";
				CLANG_CXX_LIBRARY = "libc++";
				CLANG_ENABLE_MODULES = YES;
				CLANG_ENABLE_OBJC_ARC = YES;
				CLANG_WARN_BOOL_CONVERSION = YES;
				CLANG_WARN_CONSTANT_CONVERSION = YES;
				CLANG_WARN_DIRECT_OBJC_ISA_USAGE = YES_ERROR;
				CLANG_WARN_DOCUMENTATION_COMMENTS = YES;
				CLANG_WARN_EMPTY_BODY = YES;
				CLANG_WARN_ENUM_CONVERSION = YES;
				CLANG_WARN_INFINITE_RECURSION = YES;
				CLANG_WARN_INT_CONVERSION = YES;
				CLANG_WARN_OBJC_ROOT_CLASS = YES_ERROR;
				CLANG_WARN_SUSPICIOUS_MOVE = YES;
				CLANG_WARN_UNREACHABLE_CODE = YES;
				CLANG_WARN__DUPLICATE_METHOD_MATCH = YES;
				"CODE_SIGN_IDENTITY[sdk=iphoneos*]" = "iPhone Developer";
				COPY_PHASE_STRIP = NO;
				DEBUG_INFORMATION_FORMAT = "dwarf-with-dsym";
				ENABLE_NS_ASSERTIONS = NO;
				ENABLE_STRICT_OBJC_MSGSEND = YES;
				GCC_C_LANGUAGE_STANDARD = gnu99;
				GCC_NO_COMMON_BLOCKS = YES;
				GCC_WARN_64_TO_32_BIT_CONVERSION = YES;
				GCC_WARN_ABOUT_RETURN_TYPE = YES_ERROR;
				GCC_WARN_UNDECLARED_SELECTOR = YES;
				GCC_WARN_UNINITIALIZED_AUTOS = YES_AGGRESSIVE;
				GCC_WARN_UNUSED_FUNCTION = YES;
				GCC_WARN_UNUSED_VARIABLE = YES;
				IPHONEOS_DEPLOYMENT_TARGET = 10.3;
				MTL_ENABLE_DEBUG_INFO = NO;
				SDKROOT = iphoneos;
				SWIFT_OPTIMIZATION_LEVEL = "-Owholemodule";
				TARGETED_DEVICE_FAMILY = "1,2";
				VALIDATE_PRODUCT = YES;
			};
			name = Release;
		};
		3F222BE01ECB4E060011E328 /* Debug */ = {
			isa = XCBuildConfiguration;
			buildSettings = {
				ASSETCATALOG_COMPILER_APPICON_NAME = AppIcon;
				INFOPLIST_FILE = "Final product/Info.plist";
				LD_RUNPATH_SEARCH_PATHS = "$(inherited) @executable_path/Frameworks";
				PRODUCT_BUNDLE_IDENTIFIER = "David-T.Final-product";
				PRODUCT_NAME = "$(TARGET_NAME)";
				SWIFT_VERSION = 3.0;
			};
			name = Debug;
		};
		3F222BE11ECB4E060011E328 /* Release */ = {
			isa = XCBuildConfiguration;
			buildSettings = {
				ASSETCATALOG_COMPILER_APPICON_NAME = AppIcon;
				INFOPLIST_FILE = "Final product/Info.plist";
				LD_RUNPATH_SEARCH_PATHS = "$(inherited) @executable_path/Frameworks";
				PRODUCT_BUNDLE_IDENTIFIER = "David-T.Final-product";
				PRODUCT_NAME = "$(TARGET_NAME)";
				SWIFT_VERSION = 3.0;
			};
			name = Release;
		};
/* End XCBuildConfiguration section */

/* Begin XCConfigurationList section */
		3F222BC81ECB4E060011E328 /* Build configuration list for PBXProject "Final product" */ = {
			isa = XCConfigurationList;
			buildConfigurations = (
				3F222BDD1ECB4E060011E328 /* Debug */,
				3F222BDE1ECB4E060011E328 /* Release */,
			);
			defaultConfigurationIsVisible = 0;
			defaultConfigurationName = Release;
		};
		3F222BDF1ECB4E060011E328 /* Build configuration list for PBXNativeTarget "Final product" */ = {
			isa = XCConfigurationList;
			buildConfigurations = (
				3F222BE01ECB4E060011E328 /* Debug */,
				3F222BE11ECB4E060011E328 /* Release */,
			);
			defaultConfigurationIsVisible = 0;
		};
/* End XCConfigurationList section */
	};
	rootObject = 3F222BC51ECB4E060011E328 /* Project object */;
}
