// !$*UTF8*$!
{
	archiveVersion = 1;
	classes = {
	};
	objectVersion = 46;
	objects = {

/* Begin PBXBuildFile section */
		3FE5A5D31EE5EB6E00EA9023 /* AppDelegate.swift in Sources */ = {isa = PBXBuildFile; fileRef = 3FE5A5D21EE5EB6E00EA9023 /* AppDelegate.swift */; };
		3FE5A5D51EE5EB6E00EA9023 /* ViewController.swift in Sources */ = {isa = PBXBuildFile; fileRef = 3FE5A5D41EE5EB6E00EA9023 /* ViewController.swift */; };
		3FE5A5D81EE5EB6E00EA9023 /* Main.storyboard in Resources */ = {isa = PBXBuildFile; fileRef = 3FE5A5D61EE5EB6E00EA9023 /* Main.storyboard */; };
		3FE5A5DA1EE5EB6E00EA9023 /* Assets.xcassets in Resources */ = {isa = PBXBuildFile; fileRef = 3FE5A5D91EE5EB6E00EA9023 /* Assets.xcassets */; };
		3FE5A5DD1EE5EB6E00EA9023 /* LaunchScreen.storyboard in Resources */ = {isa = PBXBuildFile; fileRef = 3FE5A5DB1EE5EB6E00EA9023 /* LaunchScreen.storyboard */; };
/* End PBXBuildFile section */

/* Begin PBXFileReference section */
		3FE5A5CF1EE5EB6E00EA9023 /* FINAL FINAL PRODUCT.app */ = {isa = PBXFileReference; explicitFileType = wrapper.application; includeInIndex = 0; path = "FINAL FINAL PRODUCT.app"; sourceTree = BUILT_PRODUCTS_DIR; };
		3FE5A5D21EE5EB6E00EA9023 /* AppDelegate.swift */ = {isa = PBXFileReference; lastKnownFileType = sourcecode.swift; path = AppDelegate.swift; sourceTree = "<group>"; };
		3FE5A5D41EE5EB6E00EA9023 /* ViewController.swift */ = {isa = PBXFileReference; lastKnownFileType = sourcecode.swift; path = ViewController.swift; sourceTree = "<group>"; };
		3FE5A5D71EE5EB6E00EA9023 /* Base */ = {isa = PBXFileReference; lastKnownFileType = file.storyboard; name = Base; path = Base.lproj/Main.storyboard; sourceTree = "<group>"; };
		3FE5A5D91EE5EB6E00EA9023 /* Assets.xcassets */ = {isa = PBXFileReference; lastKnownFileType = folder.assetcatalog; path = Assets.xcassets; sourceTree = "<group>"; };
		3FE5A5DC1EE5EB6E00EA9023 /* Base */ = {isa = PBXFileReference; lastKnownFileType = file.storyboard; name = Base; path = Base.lproj/LaunchScreen.storyboard; sourceTree = "<group>"; };
		3FE5A5DE1EE5EB6E00EA9023 /* Info.plist */ = {isa = PBXFileReference; lastKnownFileType = text.plist.xml; path = Info.plist; sourceTree = "<group>"; };
/* End PBXFileReference section */

/* Begin PBXFrameworksBuildPhase section */
		3FE5A5CC1EE5EB6E00EA9023 /* Frameworks */ = {
			isa = PBXFrameworksBuildPhase;
			buildActionMask = 2147483647;
			files = (
			);
			runOnlyForDeploymentPostprocessing = 0;
		};
/* End PBXFrameworksBuildPhase section */

/* Begin PBXGroup section */
		3FE5A5C61EE5EB6E00EA9023 = {
			isa = PBXGroup;
			children = (
				3FE5A5D11EE5EB6E00EA9023 /* FINAL FINAL PRODUCT */,
				3FE5A5D01EE5EB6E00EA9023 /* Products */,
			);
			sourceTree = "<group>";
		};
		3FE5A5D01EE5EB6E00EA9023 /* Products */ = {
			isa = PBXGroup;
			children = (
				3FE5A5CF1EE5EB6E00EA9023 /* FINAL FINAL PRODUCT.app */,
			);
			name = Products;
			sourceTree = "<group>";
		};
		3FE5A5D11EE5EB6E00EA9023 /* FINAL FINAL PRODUCT */ = {
			isa = PBXGroup;
			children = (
				3FE5A5D21EE5EB6E00EA9023 /* AppDelegate.swift */,
				3FE5A5D41EE5EB6E00EA9023 /* ViewController.swift */,
				3FE5A5D61EE5EB6E00EA9023 /* Main.storyboard */,
				3FE5A5D91EE5EB6E00EA9023 /* Assets.xcassets */,
				3FE5A5DB1EE5EB6E00EA9023 /* LaunchScreen.storyboard */,
				3FE5A5DE1EE5EB6E00EA9023 /* Info.plist */,
			);
			path = "FINAL FINAL PRODUCT";
			sourceTree = "<group>";
		};
/* End PBXGroup section */

/* Begin PBXNativeTarget section */
		3FE5A5CE1EE5EB6E00EA9023 /* FINAL FINAL PRODUCT */ = {
			isa = PBXNativeTarget;
			buildConfigurationList = 3FE5A5E11EE5EB6E00EA9023 /* Build configuration list for PBXNativeTarget "FINAL FINAL PRODUCT" */;
			buildPhases = (
				3FE5A5CB1EE5EB6E00EA9023 /* Sources */,
				3FE5A5CC1EE5EB6E00EA9023 /* Frameworks */,
				3FE5A5CD1EE5EB6E00EA9023 /* Resources */,
			);
			buildRules = (
			);
			dependencies = (
			);
			name = "FINAL FINAL PRODUCT";
			productName = "FINAL FINAL PRODUCT";
			productReference = 3FE5A5CF1EE5EB6E00EA9023 /* FINAL FINAL PRODUCT.app */;
			productType = "com.apple.product-type.application";
		};
/* End PBXNativeTarget section */

/* Begin PBXProject section */
		3FE5A5C71EE5EB6E00EA9023 /* Project object */ = {
			isa = PBXProject;
			attributes = {
				LastSwiftUpdateCheck = 0830;
				LastUpgradeCheck = 0830;
				ORGANIZATIONNAME = "David T";
				TargetAttributes = {
					3FE5A5CE1EE5EB6E00EA9023 = {
						CreatedOnToolsVersion = 8.3.2;
						ProvisioningStyle = Automatic;
					};
				};
			};
			buildConfigurationList = 3FE5A5CA1EE5EB6E00EA9023 /* Build configuration list for PBXProject "FINAL FINAL PRODUCT" */;
			compatibilityVersion = "Xcode 3.2";
			developmentRegion = English;
			hasScannedForEncodings = 0;
			knownRegions = (
				en,
				Base,
			);
			mainGroup = 3FE5A5C61EE5EB6E00EA9023;
			productRefGroup = 3FE5A5D01EE5EB6E00EA9023 /* Products */;
			projectDirPath = "";
			projectRoot = "";
			targets = (
				3FE5A5CE1EE5EB6E00EA9023 /* FINAL FINAL PRODUCT */,
			);
		};
/* End PBXProject section */

/* Begin PBXResourcesBuildPhase section */
		3FE5A5CD1EE5EB6E00EA9023 /* Resources */ = {
			isa = PBXResourcesBuildPhase;
			buildActionMask = 2147483647;
			files = (
				3FE5A5DD1EE5EB6E00EA9023 /* LaunchScreen.storyboard in Resources */,
				3FE5A5DA1EE5EB6E00EA9023 /* Assets.xcassets in Resources */,
				3FE5A5D81EE5EB6E00EA9023 /* Main.storyboard in Resources */,
			);
			runOnlyForDeploymentPostprocessing = 0;
		};
/* End PBXResourcesBuildPhase section */

/* Begin PBXSourcesBuildPhase section */
		3FE5A5CB1EE5EB6E00EA9023 /* Sources */ = {
			isa = PBXSourcesBuildPhase;
			buildActionMask = 2147483647;
			files = (
				3FE5A5D51EE5EB6E00EA9023 /* ViewController.swift in Sources */,
				3FE5A5D31EE5EB6E00EA9023 /* AppDelegate.swift in Sources */,
			);
			runOnlyForDeploymentPostprocessing = 0;
		};
/* End PBXSourcesBuildPhase section */

/* Begin PBXVariantGroup section */
		3FE5A5D61EE5EB6E00EA9023 /* Main.storyboard */ = {
			isa = PBXVariantGroup;
			children = (
				3FE5A5D71EE5EB6E00EA9023 /* Base */,
			);
			name = Main.storyboard;
			sourceTree = "<group>";
		};
		3FE5A5DB1EE5EB6E00EA9023 /* LaunchScreen.storyboard */ = {
			isa = PBXVariantGroup;
			children = (
				3FE5A5DC1EE5EB6E00EA9023 /* Base */,
			);
			name = LaunchScreen.storyboard;
			sourceTree = "<group>";
		};
/* End PBXVariantGroup section */

/* Begin XCBuildConfiguration section */
		3FE5A5DF1EE5EB6E00EA9023 /* Debug */ = {
			isa = XCBuildConfiguration;
			buildSettings = {
				ALWAYS_SEARCH_USER_PATHS = NO;
				CLANG_ANALYZER_NONNULL = YES;
				CLANG_ANALYZER_NUMBER_OBJECT_CONVERSION = YES_AGGRESSIVE;
				CLANG_CXX_LANGUAGE_STANDARD = "gnu++0x";
				CLANG_CXX_LIBRARY = "libc++";
				CLANG_ENABLE_MODULES = YES;
				CLANG_ENABLE_OBJC_ARC = YES;
				CLANG_WARN_BOOL_CONVERSION = YES;
				CLANG_WARN_CONSTANT_CONVERSION = YES;
				CLANG_WARN_DIRECT_OBJC_ISA_USAGE = YES_ERROR;
				CLANG_WARN_DOCUMENTATION_COMMENTS = YES;
				CLANG_WARN_EMPTY_BODY = YES;
				CLANG_WARN_ENUM_CONVERSION = YES;
				CLANG_WARN_INFINITE_RECURSION = YES;
				CLANG_WARN_INT_CONVERSION = YES;
				CLANG_WARN_OBJC_ROOT_CLASS = YES_ERROR;
				CLANG_WARN_SUSPICIOUS_MOVE = YES;
				CLANG_WARN_UNREACHABLE_CODE = YES;
				CLANG_WARN__DUPLICATE_METHOD_MATCH = YES;
				"CODE_SIGN_IDENTITY[sdk=iphoneos*]" = "iPhone Developer";
				COPY_PHASE_STRIP = NO;
				DEBUG_INFORMATION_FORMAT = dwarf;
				ENABLE_STRICT_OBJC_MSGSEND = YES;
				ENABLE_TESTABILITY = YES;
				GCC_C_LANGUAGE_STANDARD = gnu99;
				GCC_DYNAMIC_NO_PIC = NO;
				GCC_NO_COMMON_BLOCKS = YES;
				GCC_OPTIMIZATION_LEVEL = 0;
				GCC_PREPROCESSOR_DEFINITIONS = (
					"DEBUG=1",
					"$(inherited)",
				);
				GCC_WARN_64_TO_32_BIT_CONVERSION = YES;
				GCC_WARN_ABOUT_RETURN_TYPE = YES_ERROR;
				GCC_WARN_UNDECLARED_SELECTOR = YES;
				GCC_WARN_UNINITIALIZED_AUTOS = YES_AGGRESSIVE;
				GCC_WARN_UNUSED_FUNCTION = YES;
				GCC_WARN_UNUSED_VARIABLE = YES;
				IPHONEOS_DEPLOYMENT_TARGET = 10.3;
				MTL_ENABLE_DEBUG_INFO = YES;
				ONLY_ACTIVE_ARCH = YES;
				SDKROOT = iphoneos;
				SWIFT_ACTIVE_COMPILATION_CONDITIONS = DEBUG;
				SWIFT_OPTIMIZATION_LEVEL = "-Onone";
				TARGETED_DEVICE_FAMILY = "1,2";
			};
			name = Debug;
		};
		3FE5A5E01EE5EB6E00EA9023 /* Release */ = {
			isa = XCBuildConfiguration;
			buildSettings = {
				ALWAYS_SEARCH_USER_PATHS = NO;
				CLANG_ANALYZER_NONNULL = YES;
				CLANG_ANALYZER_NUMBER_OBJECT_CONVERSION = YES_AGGRESSIVE;
				CLANG_CXX_LANGUAGE_STANDARD = "gnu++0x";
				CLANG_CXX_LIBRARY = "libc++";
				CLANG_ENABLE_MODULES = YES;
				CLANG_ENABLE_OBJC_ARC = YES;
				CLANG_WARN_BOOL_CONVERSION = YES;
				CLANG_WARN_CONSTANT_CONVERSION = YES;
				CLANG_WARN_DIRECT_OBJC_ISA_USAGE = YES_ERROR;
				CLANG_WARN_DOCUMENTATION_COMMENTS = YES;
				CLANG_WARN_EMPTY_BODY = YES;
				CLANG_WARN_ENUM_CONVERSION = YES;
				CLANG_WARN_INFINITE_RECURSION = YES;
				CLANG_WARN_INT_CONVERSION = YES;
				CLANG_WARN_OBJC_ROOT_CLASS = YES_ERROR;
				CLANG_WARN_SUSPICIOUS_MOVE = YES;
				CLANG_WARN_UNREACHABLE_CODE = YES;
				CLANG_WARN__DUPLICATE_METHOD_MATCH = YES;
				"CODE_SIGN_IDENTITY[sdk=iphoneos*]" = "iPhone Developer";
				COPY_PHASE_STRIP = NO;
				DEBUG_INFORMATION_FORMAT = "dwarf-with-dsym";
				ENABLE_NS_ASSERTIONS = NO;
				ENABLE_STRICT_OBJC_MSGSEND = YES;
				GCC_C_LANGUAGE_STANDARD = gnu99;
				GCC_NO_COMMON_BLOCKS = YES;
				GCC_WARN_64_TO_32_BIT_CONVERSION = YES;
				GCC_WARN_ABOUT_RETURN_TYPE = YES_ERROR;
				GCC_WARN_UNDECLARED_SELECTOR = YES;
				GCC_WARN_UNINITIALIZED_AUTOS = YES_AGGRESSIVE;
				GCC_WARN_UNUSED_FUNCTION = YES;
				GCC_WARN_UNUSED_VARIABLE = YES;
				IPHONEOS_DEPLOYMENT_TARGET = 10.3;
				MTL_ENABLE_DEBUG_INFO = NO;
				SDKROOT = iphoneos;
				SWIFT_OPTIMIZATION_LEVEL = "-Owholemodule";
				TARGETED_DEVICE_FAMILY = "1,2";
				VALIDATE_PRODUCT = YES;
			};
			name = Release;
		};
		3FE5A5E21EE5EB6E00EA9023 /* Debug */ = {
			isa = XCBuildConfiguration;
			buildSettings = {
				ASSETCATALOG_COMPILER_APPICON_NAME = AppIcon;
				INFOPLIST_FILE = "FINAL FINAL PRODUCT/Info.plist";
				LD_RUNPATH_SEARCH_PATHS = "$(inherited) @executable_path/Frameworks";
				PRODUCT_BUNDLE_IDENTIFIER = "David-T.FINAL-FINAL-PRODUCT";
				PRODUCT_NAME = "$(TARGET_NAME)";
				SWIFT_VERSION = 3.0;
			};
			name = Debug;
		};
		3FE5A5E31EE5EB6E00EA9023 /* Release */ = {
			isa = XCBuildConfiguration;
			buildSettings = {
				ASSETCATALOG_COMPILER_APPICON_NAME = AppIcon;
				INFOPLIST_FILE = "FINAL FINAL PRODUCT/Info.plist";
				LD_RUNPATH_SEARCH_PATHS = "$(inherited) @executable_path/Frameworks";
				PRODUCT_BUNDLE_IDENTIFIER = "David-T.FINAL-FINAL-PRODUCT";
				PRODUCT_NAME = "$(TARGET_NAME)";
				SWIFT_VERSION = 3.0;
			};
			name = Release;
		};
/* End XCBuildConfiguration section */

/* Begin XCConfigurationList section */
		3FE5A5CA1EE5EB6E00EA9023 /* Build configuration list for PBXProject "FINAL FINAL PRODUCT" */ = {
			isa = XCConfigurationList;
			buildConfigurations = (
				3FE5A5DF1EE5EB6E00EA9023 /* Debug */,
				3FE5A5E01EE5EB6E00EA9023 /* Release */,
			);
			defaultConfigurationIsVisible = 0;
			defaultConfigurationName = Release;
		};
		3FE5A5E11EE5EB6E00EA9023 /* Build configuration list for PBXNativeTarget "FINAL FINAL PRODUCT" */ = {
			isa = XCConfigurationList;
			buildConfigurations = (
				3FE5A5E21EE5EB6E00EA9023 /* Debug */,
				3FE5A5E31EE5EB6E00EA9023 /* Release */,
			);
			defaultConfigurationIsVisible = 0;
		};
/* End XCConfigurationList section */
	};
	rootObject = 3FE5A5C71EE5EB6E00EA9023 /* Project object */;
}
